# This file is automatically @generated by Cargo.
# It is not intended for manual editing.
version = 4

[[package]]
name = "rb_capture_ingest"
version = "0.1.0"
dependencies = [
 "rb_domain",
]

[[package]]
name = "rb_domain"
version = "0.1.0"

[[package]]
name = "rb_replay_ingest"
version = "0.1.0"
dependencies = [
 "rb_domain",
]

[[package]]
name = "rb_verify_cli"
version = "0.1.0"
dependencies = [
 "rb_capture_ingest",
 "rb_domain",
 "rb_replay_ingest",
]
